dependencies:
- name: mcp-stack
  repository: oci://ghcr.io/jomcgi/homelab/charts
  version: 1.0.7
- name: homelab-library
  repository: file://../../../shared/helm/homelab-library/chart
  version: 0.6.0
digest: sha256:eefeb4dfcd254fdcaca2b4e71bc16b27a23defd7950f172260c926de5daf4f4e
generated: "2026-08-11T09:55:03.974267-07:00"
