dependencies:
- name: mcp-stack
  repository: oci://ghcr.io/jomcgi/homelab/charts
  version: 1.0.0-RC-1
- name: homelab-library
  repository: file://../../../shared/helm/homelab-library/chart
  version: 0.5.0
digest: sha256:94266db6c0ba1e373c63fd89c0da5d0d4e917a1c87b46027fa9907ac1b0f8160
generated: "2026-06-17T18:35:20.757851-07:00"
