dependencies:
- name: mcp-stack
  repository: oci://ghcr.io/jomcgi/homelab/charts
  version: 1.0.7
- name: homelab-library
  repository: file://../../../shared/helm/homelab-library/chart
  version: 0.5.0
digest: sha256:f69e631eab5747b40e726516f805c96a70deb1cd3c8d2a4bc9afc6de5e49b2f5
generated: "2026-08-08T17:02:31.15836-07:00"
