dependencies:
- name: signoz
  repository: https://charts.signoz.io
  version: 0.128.0
- name: k8s-infra
  repository: https://charts.signoz.io
  version: 0.16.0
- name: cf-ingress
  repository: file://../cf-ingress-library
  version: 0.1.0
digest: sha256:857d0ea6bc912d9b21f2673b9f4574f2e3997ac1440dc3f900e199081c9b3737
generated: "2026-08-08T08:04:41.632203508Z"
