dependencies:
- name: signoz
  repository: https://charts.signoz.io
  version: 0.135.1
- name: k8s-infra
  repository: https://charts.signoz.io
  version: 0.15.0
- name: cf-ingress
  repository: file://../cf-ingress-library
  version: 0.1.0
digest: sha256:325ab4faa8005618c674465c896f2577d1a726efd9d2b07e4a580c3aeb06679c
generated: "2026-08-08T08:01:37.556620097Z"
