dependencies:
- name: argo-cd
  repository: https://argoproj.github.io/argo-helm
  version: 8.6.4
- name: cf-ingress
  repository: file://../cf-ingress-library
  version: 0.1.0
digest: sha256:c1d35856157992c500d57194d0e61ee46ff5444ac2fba632d0cdf53e0f890654
generated: "2026-08-08T07:50:05.829442301Z"
