dependencies:
- name: argo-cd
  repository: https://argoproj.github.io/argo-helm
  version: 8.5.3
- name: cf-ingress
  repository: file://../cf-ingress-library
  version: 0.1.0
digest: sha256:a58da0f86f41348c5e8b55a94407ccff028d5a5f3cadbc78964cdd0cf6d16c0f
generated: "2026-06-12T19:32:04.544223877Z"
