dependencies:
- name: gateway-helm
  repository: oci://docker.io/envoyproxy
  version: 1.8.3
- name: gateway-crds-helm
  repository: oci://docker.io/envoyproxy
  version: 1.8.3
digest: sha256:7f34287dff84fa8c41e4ceda1bdf629cee7a4b66965ec7c060cf0fe8e362a1b1
generated: "2026-08-29T22:14:50.681187-07:00"
